
Microsoft Visual Studio Solution File, Format Version 12.00
# Visual Studio Version 17
VisualStudioVersion = 17.4.33213.308
MinimumVisualStudioVersion = 10.0.40219.1
Project("{9A19103F-16F7-4668-BE54-9A1E7A4F7556}") = "HospitalSite", "HospitalSite\HospitalSite.csproj", "{C52A90F9-0F42-49E4-9C15-EE190DB09332}"
EndProject
Project("{9A19103F-16F7-4668-BE54-9A1E7A4F7556}") = "domain", "domain\domain.csproj", "{CE9F1339-C65D-4913-BF5D-1DC2350B8848}"
EndProject
Project("{9A19103F-16F7-4668-BE54-9A1E7A4F7556}") = "UnitTests", "UnitTests\UnitTests.csproj", "{76362EDB-5800-4D84-96E8-12C9F362BF9F}"
EndProject
Global
	GlobalSection(SolutionConfigurationPlatforms) = preSolution
		Debug|Any CPU = Debug|Any CPU
		Release|Any CPU = Release|Any CPU
	EndGlobalSection
	GlobalSection(ProjectConfigurationPlatforms) = postSolution
		{C52A90F9-0F42-49E4-9C15-EE190DB09332}.Debug|Any CPU.ActiveCfg = Debug|Any CPU
		{C52A90F9-0F42-49E4-9C15-EE190DB09332}.Debug|Any CPU.Build.0 = Debug|Any CPU
		{C52A90F9-0F42-49E4-9C15-EE190DB09332}.Release|Any CPU.ActiveCfg = Release|Any CPU
		{C52A90F9-0F42-49E4-9C15-EE190DB09332}.Release|Any CPU.Build.0 = Release|Any CPU
		{CE9F1339-C65D-4913-BF5D-1DC2350B8848}.Debug|Any CPU.ActiveCfg = Debug|Any CPU
		{CE9F1339-C65D-4913-BF5D-1DC2350B8848}.Debug|Any CPU.Build.0 = Debug|Any CPU
		{CE9F1339-C65D-4913-BF5D-1DC2350B8848}.Release|Any CPU.ActiveCfg = Release|Any CPU
		{CE9F1339-C65D-4913-BF5D-1DC2350B8848}.Release|Any CPU.Build.0 = Release|Any CPU
		{76362EDB-5800-4D84-96E8-12C9F362BF9F}.Debug|Any CPU.ActiveCfg = Debug|Any CPU
		{76362EDB-5800-4D84-96E8-12C9F362BF9F}.Debug|Any CPU.Build.0 = Debug|Any CPU
		{76362EDB-5800-4D84-96E8-12C9F362BF9F}.Release|Any CPU.ActiveCfg = Release|Any CPU
		{76362EDB-5800-4D84-96E8-12C9F362BF9F}.Release|Any CPU.Build.0 = Release|Any CPU
	EndGlobalSection
	GlobalSection(SolutionProperties) = preSolution
		HideSolutionNode = FALSE
	EndGlobalSection
	GlobalSection(ExtensibilityGlobals) = postSolution
		SolutionGuid = {47B03AC2-615A-4213-B5C4-FE3FAA2AF8E7}
	EndGlobalSection
EndGlobal
